// !$*UTF8*$!
{
	archiveVersion = 1;
	classes = {
	};
	objectVersion = 56;
	objects = {

/* Begin PBXBuildFile section */
		2B1A7BEF2D202B81003DD576 /* MainView.swift in Sources */ = {isa = PBXBuildFile; fileRef = 2B1A7BEE2D202B81003DD576 /* MainView.swift */; };
		2B1A7BF32D202B8F003DD576 /* Modal.swift in Sources */ = {isa = PBXBuildFile; fileRef = 2B1A7BF12D202B8F003DD576 /* Modal.swift */; };
		2B1A7BF42D202B8F003DD576 /* StoryBrain.swift in Sources */ = {isa = PBXBuildFile; fileRef = 2B1A7BF22D202B8F003DD576 /* StoryBrain.swift */; };
		2B1A7BF72D202BE0003DD576 /* ViewController.swift in Sources */ = {isa = PBXBuildFile; fileRef = 2B1A7BF62D202BE0003DD576 /* ViewController.swift */; };
		2B1A7BFA2D202C91003DD576 /* Utils.swift in Sources */ = {isa = PBXBuildFile; fileRef = 2B1A7BF92D202C91003DD576 /* Utils.swift */; };
		2B1A7BFC2D203218003DD576 /* File.rtf in Resources */ = {isa = PBXBuildFile; fileRef = 2B1A7BFB2D203218003DD576 /* File.rtf */; };
		2B75B2782D2029D3008BDED2 /* AppDelegate.swift in Sources */ = {isa = PBXBuildFile; fileRef = 2B75B2772D2029D3008BDED2 /* AppDelegate.swift */; };
		2B75B27A2D2029D3008BDED2 /* SceneDelegate.swift in Sources */ = {isa = PBXBuildFile; fileRef = 2B75B2792D2029D3008BDED2 /* SceneDelegate.swift */; };
		2B75B27F2D2029D3008BDED2 /* Main.storyboard in Resources */ = {isa = PBXBuildFile; fileRef = 2B75B27D2D2029D3008BDED2 /* Main.storyboard */; };
		2B75B2842D2029D5008BDED2 /* LaunchScreen.storyboard in Resources */ = {isa = PBXBuildFile; fileRef = 2B75B2822D2029D5008BDED2 /* LaunchScreen.storyboard */; };
		2B75B28E2D202A16008BDED2 /* Assets.xcassets in Resources */ = {isa = PBXBuildFile; fileRef = 2B75B28D2D202A16008BDED2 /* Assets.xcassets */; };
/* End PBXBuildFile section */

/* Begin PBXFileReference section */
		2B1A7BEE2D202B81003DD576 /* MainView.swift */ = {isa = PBXFileReference; fileEncoding = 4; lastKnownFileType = sourcecode.swift; path = MainView.swift; sourceTree = "<group>"; };
		2B1A7BF12D202B8F003DD576 /* Modal.swift */ = {isa = PBXFileReference; fileEncoding = 4; lastKnownFileType = sourcecode.swift; path = Modal.swift; sourceTree = "<group>"; };
		2B1A7BF22D202B8F003DD576 /* StoryBrain.swift */ = {isa = PBXFileReference; fileEncoding = 4; lastKnownFileType = sourcecode.swift; path = StoryBrain.swift; sourceTree = "<group>"; };
		2B1A7BF62D202BE0003DD576 /* ViewController.swift */ = {isa = PBXFileReference; fileEncoding = 4; lastKnownFileType = sourcecode.swift; path = ViewController.swift; sourceTree = "<group>"; };
		2B1A7BF92D202C91003DD576 /* Utils.swift */ = {isa = PBXFileReference; fileEncoding = 4; lastKnownFileType = sourcecode.swift; path = Utils.swift; sourceTree = "<group>"; };
		2B1A7BFB2D203218003DD576 /* File.rtf */ = {isa = PBXFileReference; lastKnownFileType = text.rtf; path = File.rtf; sourceTree = "<group>"; };
		2B75B2742D2029D3008BDED2 /* ChoiceStory.app */ = {isa = PBXFileReference; explicitFileType = wrapper.application; includeInIndex = 0; path = ChoiceStory.app; sourceTree = BUILT_PRODUCTS_DIR; };
		2B75B2772D2029D3008BDED2 /* AppDelegate.swift */ = {isa = PBXFileReference; lastKnownFileType = sourcecode.swift; path = AppDelegate.swift; sourceTree = "<group>"; };
		2B75B2792D2029D3008BDED2 /* SceneDelegate.swift */ = {isa = PBXFileReference; lastKnownFileType = sourcecode.swift; path = SceneDelegate.swift; sourceTree = "<group>"; };
		2B75B27E2D2029D3008BDED2 /* Base */ = {isa = PBXFileReference; lastKnownFileType = file.storyboard; name = Base; path = Base.lproj/Main.storyboard; sourceTree = "<group>"; };
		2B75B2832D2029D5008BDED2 /* Base */ = {isa = PBXFileReference; lastKnownFileType = file.storyboard; name = Base; path = Base.lproj/LaunchScreen.storyboard; sourceTree = "<group>"; };
		2B75B2852D2029D5008BDED2 /* Info.plist */ = {isa = PBXFileReference; lastKnownFileType = text.plist.xml; path = Info.plist; sourceTree = "<group>"; };
		2B75B28D2D202A16008BDED2 /* Assets.xcassets */ = {isa = PBXFileReference; lastKnownFileType = folder.assetcatalog; path = Assets.xcassets; sourceTree = "<group>"; };
/* End PBXFileReference section */

/* Begin PBXFrameworksBuildPhase section */
		2B75B2712D2029D3008BDED2 /* Frameworks */ = {
			isa = PBXFrameworksBuildPhase;
			buildActionMask = 2147483647;
			files = (
			);
			runOnlyForDeploymentPostprocessing = 0;
		};
/* End PBXFrameworksBuildPhase section */

/* Begin PBXGroup section */
		2B1A7BED2D202B81003DD576 /* View */ = {
			isa = PBXGroup;
			children = (
				2B1A7BEE2D202B81003DD576 /* MainView.swift */,
			);
			path = View;
			sourceTree = "<group>";
		};
		2B1A7BF02D202B8F003DD576 /* Modal */ = {
			isa = PBXGroup;
			children = (
				2B1A7BF12D202B8F003DD576 /* Modal.swift */,
				2B1A7BF22D202B8F003DD576 /* StoryBrain.swift */,
			);
			path = Modal;
			sourceTree = "<group>";
		};
		2B1A7BF52D202BE0003DD576 /* Controller */ = {
			isa = PBXGroup;
			children = (
				2B1A7BF62D202BE0003DD576 /* ViewController.swift */,
			);
			path = Controller;
			sourceTree = "<group>";
		};
		2B1A7BF82D202C91003DD576 /* Utils */ = {
			isa = PBXGroup;
			children = (
				2B1A7BF92D202C91003DD576 /* Utils.swift */,
			);
			path = Utils;
			sourceTree = "<group>";
		};
		2B75B26B2D2029D3008BDED2 = {
			isa = PBXGroup;
			children = (
				2B1A7BFB2D203218003DD576 /* File.rtf */,
				2B75B2762D2029D3008BDED2 /* ChoiceStory */,
				2B75B2752D2029D3008BDED2 /* Products */,
			);
			sourceTree = "<group>";
		};
		2B75B2752D2029D3008BDED2 /* Products */ = {
			isa = PBXGroup;
			children = (
				2B75B2742D2029D3008BDED2 /* ChoiceStory.app */,
			);
			name = Products;
			sourceTree = "<group>";
		};
		2B75B2762D2029D3008BDED2 /* ChoiceStory */ = {
			isa = PBXGroup;
			children = (
				2B1A7BF02D202B8F003DD576 /* Modal */,
				2B1A7BED2D202B81003DD576 /* View */,
				2B1A7BF52D202BE0003DD576 /* Controller */,
				2B75B2772D2029D3008BDED2 /* AppDelegate.swift */,
				2B75B2792D2029D3008BDED2 /* SceneDelegate.swift */,
				2B75B27D2D2029D3008BDED2 /* Main.storyboard */,
				2B75B2822D2029D5008BDED2 /* LaunchScreen.storyboard */,
				2B75B2852D2029D5008BDED2 /* Info.plist */,
				2B75B28D2D202A16008BDED2 /* Assets.xcassets */,
				2B1A7BF82D202C91003DD576 /* Utils */,
			);
			path = ChoiceStory;
			sourceTree = "<group>";
		};
/* End PBXGroup section */

/* Begin PBXNativeTarget section */
		2B75B2732D2029D3008BDED2 /* ChoiceStory */ = {
			isa = PBXNativeTarget;
			buildConfigurationList = 2B75B2882D2029D5008BDED2 /* Build configuration list for PBXNativeTarget "ChoiceStory" */;
			buildPhases = (
				2B75B2702D2029D3008BDED2 /* Sources */,
				2B75B2712D2029D3008BDED2 /* Frameworks */,
				2B75B2722D2029D3008BDED2 /* Resources */,
			);
			buildRules = (
			);
			dependencies = (
			);
			name = ChoiceStory;
			productName = ChoiceStory;
			productReference = 2B75B2742D2029D3008BDED2 /* ChoiceStory.app */;
			productType = "com.apple.product-type.application";
		};
/* End PBXNativeTarget section */

/* Begin PBXProject section */
		2B75B26C2D2029D3008BDED2 /* Project object */ = {
			isa = PBXProject;
			attributes = {
				BuildIndependentTargetsInParallel = 1;
				LastSwiftUpdateCheck = 1520;
				LastUpgradeCheck = 1520;
				TargetAttributes = {
					2B75B2732D2029D3008BDED2 = {
						CreatedOnToolsVersion = 15.2;
					};
				};
			};
			buildConfigurationList = 2B75B26F2D2029D3008BDED2 /* Build configuration list for PBXProject "ChoiceStory" */;
			compatibilityVersion = "Xcode 14.0";
			developmentRegion = en;
			hasScannedForEncodings = 0;
			knownRegions = (
				en,
				Base,
			);
			mainGroup = 2B75B26B2D2029D3008BDED2;
			productRefGroup = 2B75B2752D2029D3008BDED2 /* Products */;
			projectDirPath = "";
			projectRoot = "";
			targets = (
				2B75B2732D2029D3008BDED2 /* ChoiceStory */,
			);
		};
/* End PBXProject section */

/* Begin PBXResourcesBuildPhase section */
		2B75B2722D2029D3008BDED2 /* Resources */ = {
			isa = PBXResourcesBuildPhase;
			buildActionMask = 2147483647;
			files = (
				2B75B2842D2029D5008BDED2 /* LaunchScreen.storyboard in Resources */,
				2B75B28E2D202A16008BDED2 /* Assets.xcassets in Resources */,
				2B1A7BFC2D203218003DD576 /* File.rtf in Resources */,
				2B75B27F2D2029D3008BDED2 /* Main.storyboard in Resources */,
			);
			runOnlyForDeploymentPostprocessing = 0;
		};
/* End PBXResourcesBuildPhase section */

/* Begin PBXSourcesBuildPhase section */
		2B75B2702D2029D3008BDED2 /* Sources */ = {
			isa = PBXSourcesBuildPhase;
			buildActionMask = 2147483647;
			files = (
				2B1A7BF32D202B8F003DD576 /* Modal.swift in Sources */,
				2B1A7BEF2D202B81003DD576 /* MainView.swift in Sources */,
				2B1A7BF42D202B8F003DD576 /* StoryBrain.swift in Sources */,
				2B1A7BFA2D202C91003DD576 /* Utils.swift in Sources */,
				2B1A7BF72D202BE0003DD576 /* ViewController.swift in Sources */,
				2B75B2782D2029D3008BDED2 /* AppDelegate.swift in Sources */,
				2B75B27A2D2029D3008BDED2 /* SceneDelegate.swift in Sources */,
			);
			runOnlyForDeploymentPostprocessing = 0;
		};
/* End PBXSourcesBuildPhase section */

/* Begin PBXVariantGroup section */
		2B75B27D2D2029D3008BDED2 /* Main.storyboard */ = {
			isa = PBXVariantGroup;
			children = (
				2B75B27E2D2029D3008BDED2 /* Base */,
			);
			name = Main.storyboard;
			sourceTree = "<group>";
		};
		2B75B2822D2029D5008BDED2 /* LaunchScreen.storyboard */ = {
			isa = PBXVariantGroup;
			children = (
				2B75B2832D2029D5008BDED2 /* Base */,
			);
			name = LaunchScreen.storyboard;
			sourceTree = "<group>";
		};
/* End PBXVariantGroup section */

/* Begin XCBuildConfiguration section */
		2B75B2862D2029D5008BDED2 /* Debug */ = {
			isa = XCBuildConfiguration;
			buildSettings = {
				ALWAYS_SEARCH_USER_PATHS = NO;
				ASSETCATALOG_COMPILER_GENERATE_SWIFT_ASSET_SYMBOL_EXTENSIONS = YES;
				CLANG_ANALYZER_NONNULL = YES;
				CLANG_ANALYZER_NUMBER_OBJECT_CONVERSION = YES_AGGRESSIVE;
				CLANG_CXX_LANGUAGE_STANDARD = "gnu++20";
				CLANG_ENABLE_MODULES = YES;
				CLANG_ENABLE_OBJC_ARC = YES;
				CLANG_ENABLE_OBJC_WEAK = YES;
				CLANG_WARN_BLOCK_CAPTURE_AUTORELEASING = YES;
				CLANG_WARN_BOOL_CONVERSION = YES;
				CLANG_WARN_COMMA = YES;
				CLANG_WARN_CONSTANT_CONVERSION = YES;
				CLANG_WARN_DEPRECATED_OBJC_IMPLEMENTATIONS = YES;
				CLANG_WARN_DIRECT_OBJC_ISA_USAGE = YES_ERROR;
				CLANG_WARN_DOCUMENTATION_COMMENTS = YES;
				CLANG_WARN_EMPTY_BODY = YES;
				CLANG_WARN_ENUM_CONVERSION = YES;
				CLANG_WARN_INFINITE_RECURSION = YES;
				CLANG_WARN_INT_CONVERSION = YES;
				CLANG_WARN_NON_LITERAL_NULL_CONVERSION = YES;
				CLANG_WARN_OBJC_IMPLICIT_RETAIN_SELF = YES;
				CLANG_WARN_OBJC_LITERAL_CONVERSION = YES;
				CLANG_WARN_OBJC_ROOT_CLASS = YES_ERROR;
				CLANG_WARN_QUOTED_INCLUDE_IN_FRAMEWORK_HEADER = YES;
				CLANG_WARN_RANGE_LOOP_ANALYSIS = YES;
				CLANG_WARN_STRICT_PROTOTYPES = YES;
				CLANG_WARN_SUSPICIOUS_MOVE = YES;
				CLANG_WARN_UNGUARDED_AVAILABILITY = YES_AGGRESSIVE;
				CLANG_WARN_UNREACHABLE_CODE = YES;
				CLANG_WARN__DUPLICATE_METHOD_MATCH = YES;
				COPY_PHASE_STRIP = NO;
				DEBUG_INFORMATION_FORMAT = dwarf;
				ENABLE_STRICT_OBJC_MSGSEND = YES;
				ENABLE_TESTABILITY = YES;
				ENABLE_USER_SCRIPT_SANDBOXING = YES;
				GCC_C_LANGUAGE_STANDARD = gnu17;
				GCC_DYNAMIC_NO_PIC = NO;
				GCC_NO_COMMON_BLOCKS = YES;
				GCC_OPTIMIZATION_LEVEL = 0;
				GCC_PREPROCESSOR_DEFINITIONS = (
					"DEBUG=1",
					"$(inherited)",
				);
				GCC_WARN_64_TO_32_BIT_CONVERSION = YES;
				GCC_WARN_ABOUT_RETURN_TYPE = YES_ERROR;
				GCC_WARN_UNDECLARED_SELECTOR = YES;
				GCC_WARN_UNINITIALIZED_AUTOS = YES_AGGRESSIVE;
				GCC_WARN_UNUSED_FUNCTION = YES;
				GCC_WARN_UNUSED_VARIABLE = YES;
				IPHONEOS_DEPLOYMENT_TARGET = 17.2;
				LOCALIZATION_PREFERS_STRING_CATALOGS = YES;
				MTL_ENABLE_DEBUG_INFO = INCLUDE_SOURCE;
				MTL_FAST_MATH = YES;
				ONLY_ACTIVE_ARCH = YES;
				SDKROOT = iphoneos;
				SWIFT_ACTIVE_COMPILATION_CONDITIONS = "DEBUG $(inherited)";
				SWIFT_OPTIMIZATION_LEVEL = "-Onone";
			};
			name = Debug;
		};
		2B75B2872D2029D5008BDED2 /* Release */ = {
			isa = XCBuildConfiguration;
			buildSettings = {
				ALWAYS_SEARCH_USER_PATHS = NO;
				ASSETCATALOG_COMPILER_GENERATE_SWIFT_ASSET_SYMBOL_EXTENSIONS = YES;
				CLANG_ANALYZER_NONNULL = YES;
				CLANG_ANALYZER_NUMBER_OBJECT_CONVERSION = YES_AGGRESSIVE;
				CLANG_CXX_LANGUAGE_STANDARD = "gnu++20";
				CLANG_ENABLE_MODULES = YES;
				CLANG_ENABLE_OBJC_ARC = YES;
				CLANG_ENABLE_OBJC_WEAK = YES;
				CLANG_WARN_BLOCK_CAPTURE_AUTORELEASING = YES;
				CLANG_WARN_BOOL_CONVERSION = YES;
				CLANG_WARN_COMMA = YES;
				CLANG_WARN_CONSTANT_CONVERSION = YES;
				CLANG_WARN_DEPRECATED_OBJC_IMPLEMENTATIONS = YES;
				CLANG_WARN_DIRECT_OBJC_ISA_USAGE = YES_ERROR;
				CLANG_WARN_DOCUMENTATION_COMMENTS = YES;
				CLANG_WARN_EMPTY_BODY = YES;
				CLANG_WARN_ENUM_CONVERSION = YES;
				CLANG_WARN_INFINITE_RECURSION = YES;
				CLANG_WARN_INT_CONVERSION = YES;
				CLANG_WARN_NON_LITERAL_NULL_CONVERSION = YES;
				CLANG_WARN_OBJC_IMPLICIT_RETAIN_SELF = YES;
				CLANG_WARN_OBJC_LITERAL_CONVERSION = YES;
				CLANG_WARN_OBJC_ROOT_CLASS = YES_ERROR;
				CLANG_WARN_QUOTED_INCLUDE_IN_FRAMEWORK_HEADER = YES;
				CLANG_WARN_RANGE_LOOP_ANALYSIS = YES;
				CLANG_WARN_STRICT_PROTOTYPES = YES;
				CLANG_WARN_SUSPICIOUS_MOVE = YES;
				CLANG_WARN_UNGUARDED_AVAILABILITY = YES_AGGRESSIVE;
				CLANG_WARN_UNREACHABLE_CODE = YES;
				CLANG_WARN__DUPLICATE_METHOD_MATCH = YES;
				COPY_PHASE_STRIP = NO;
				DEBUG_INFORMATION_FORMAT = "dwarf-with-dsym";
				ENABLE_NS_ASSERTIONS = NO;
				ENABLE_STRICT_OBJC_MSGSEND = YES;
				ENABLE_USER_SCRIPT_SANDBOXING = YES;
				GCC_C_LANGUAGE_STANDARD = gnu17;
				GCC_NO_COMMON_BLOCKS = YES;
				GCC_WARN_64_TO_32_BIT_CONVERSION = YES;
				GCC_WARN_ABOUT_RETURN_TYPE = YES_ERROR;
				GCC_WARN_UNDECLARED_SELECTOR = YES;
				GCC_WARN_UNINITIALIZED_AUTOS = YES_AGGRESSIVE;
				GCC_WARN_UNUSED_FUNCTION = YES;
				GCC_WARN_UNUSED_VARIABLE = YES;
				IPHONEOS_DEPLOYMENT_TARGET = 17.2;
				LOCALIZATION_PREFERS_STRING_CATALOGS = YES;
				MTL_ENABLE_DEBUG_INFO = NO;
				MTL_FAST_MATH = YES;
				SDKROOT = iphoneos;
				SWIFT_COMPILATION_MODE = wholemodule;
				VALIDATE_PRODUCT = YES;
			};
			name = Release;
		};
		2B75B2892D2029D5008BDED2 /* Debug */ = {
			isa = XCBuildConfiguration;
			buildSettings = {
				ASSETCATALOG_COMPILER_APPICON_NAME = AppIcon;
				ASSETCATALOG_COMPILER_GLOBAL_ACCENT_COLOR_NAME = AccentColor;
				CODE_SIGN_STYLE = Automatic;
				CURRENT_PROJECT_VERSION = 1;
				DEVELOPMENT_TEAM = BN5BV8875R;
				GENERATE_INFOPLIST_FILE = YES;
				INFOPLIST_FILE = ChoiceStory/Info.plist;
				INFOPLIST_KEY_UIApplicationSupportsIndirectInputEvents = YES;
				INFOPLIST_KEY_UILaunchStoryboardName = LaunchScreen;
				INFOPLIST_KEY_UIMainStoryboardFile = Main;
				INFOPLIST_KEY_UISupportedInterfaceOrientations_iPad = "UIInterfaceOrientationPortrait UIInterfaceOrientationPortraitUpsideDown UIInterfaceOrientationLandscapeLeft UIInterfaceOrientationLandscapeRight";
				INFOPLIST_KEY_UISupportedInterfaceOrientations_iPhone = "UIInterfaceOrientationPortrait UIInterfaceOrientationLandscapeLeft UIInterfaceOrientationLandscapeRight";
				LD_RUNPATH_SEARCH_PATHS = (
					"$(inherited)",
					"@executable_path/Frameworks",
				);
				MARKETING_VERSION = 1.0;
				PRODUCT_BUNDLE_IDENTIFIER = com.selflearn.ChoiceStory;
				PRODUCT_NAME = "$(TARGET_NAME)";
				SWIFT_EMIT_LOC_STRINGS = YES;
				SWIFT_VERSION = 5.0;
				TARGETED_DEVICE_FAMILY = "1,2";
			};
			name = Debug;
		};
		2B75B28A2D2029D5008BDED2 /* Release */ = {
			isa = XCBuildConfiguration;
			buildSettings = {
				ASSETCATALOG_COMPILER_APPICON_NAME = AppIcon;
				ASSETCATALOG_COMPILER_GLOBAL_ACCENT_COLOR_NAME = AccentColor;
				CODE_SIGN_STYLE = Automatic;
				CURRENT_PROJECT_VERSION = 1;
				DEVELOPMENT_TEAM = BN5BV8875R;
				GENERATE_INFOPLIST_FILE = YES;
				INFOPLIST_FILE = ChoiceStory/Info.plist;
				INFOPLIST_KEY_UIApplicationSupportsIndirectInputEvents = YES;
				INFOPLIST_KEY_UILaunchStoryboardName = LaunchScreen;
				INFOPLIST_KEY_UIMainStoryboardFile = Main;
				INFOPLIST_KEY_UISupportedInterfaceOrientations_iPad = "UIInterfaceOrientationPortrait UIInterfaceOrientationPortraitUpsideDown UIInterfaceOrientationLandscapeLeft UIInterfaceOrientationLandscapeRight";
				INFOPLIST_KEY_UISupportedInterfaceOrientations_iPhone = "UIInterfaceOrientationPortrait UIInterfaceOrientationLandscapeLeft UIInterfaceOrientationLandscapeRight";
				LD_RUNPATH_SEARCH_PATHS = (
					"$(inherited)",
					"@executable_path/Frameworks",
				);
				MARKETING_VERSION = 1.0;
				PRODUCT_BUNDLE_IDENTIFIER = com.selflearn.ChoiceStory;
				PRODUCT_NAME = "$(TARGET_NAME)";
				SWIFT_EMIT_LOC_STRINGS = YES;
				SWIFT_VERSION = 5.0;
				TARGETED_DEVICE_FAMILY = "1,2";
			};
			name = Release;
		};
/* End XCBuildConfiguration section */

/* Begin XCConfigurationList section */
		2B75B26F2D2029D3008BDED2 /* Build configuration list for PBXProject "ChoiceStory" */ = {
			isa = XCConfigurationList;
			buildConfigurations = (
				2B75B2862D2029D5008BDED2 /* Debug */,
				2B75B2872D2029D5008BDED2 /* Release */,
			);
			defaultConfigurationIsVisible = 0;
			defaultConfigurationName = Release;
		};
		2B75B2882D2029D5008BDED2 /* Build configuration list for PBXNativeTarget "ChoiceStory" */ = {
			isa = XCConfigurationList;
			buildConfigurations = (
				2B75B2892D2029D5008BDED2 /* Debug */,
				2B75B28A2D2029D5008BDED2 /* Release */,
			);
			defaultConfigurationIsVisible = 0;
			defaultConfigurationName = Release;
		};
/* End XCConfigurationList section */
	};
	rootObject = 2B75B26C2D2029D3008BDED2 /* Project object */;
}
